schema: '2.0'
stages:
  collect:
    cmd: python -m diabetesPredictor.data.data_collection
    deps:
    - path: Data/raw/data.csv
      hash: md5
      md5: 739f3c9177b13d1c15aa060046cfb023
      size: 23872
    - path: src/diabetesPredictor/data/data_collection.py
      hash: md5
      md5: 28e929e13a44a0b9ff7e7888091ae343
      size: 937
    outs:
    - path: Data/processed/processed.csv
      hash: md5
      md5: 58e31c573524fd7d9454ad6f1dcf9af5
      size: 24058
  split:
    cmd: python -m diabetesPredictor.data.data_prep
    deps:
    - path: Data/processed/processed.csv
      hash: md5
      md5: 58e31c573524fd7d9454ad6f1dcf9af5
      size: 24058
    - path: src/diabetesPredictor/data/data_prep.py
      hash: md5
      md5: 1347557ad833f971d00a96ecd87cdbf3
      size: 2272
    params:
      params.yml:
        data_prep:
          test_size: 0.2
          random_state: 42
    outs:
    - path: Data/processed/X_test.csv
      hash: md5
      md5: 35f6bc05d00011162c0df6b8f9d284e1
      size: 4557
    - path: Data/processed/X_train.csv
      hash: md5
      md5: b9278d94e607f6fc56217839243b4a34
      size: 18047
    - path: Data/processed/y_test.csv
      hash: md5
      md5: e827f980a700555abf5d5fe039de5c9f
      size: 471
    - path: Data/processed/y_train.csv
      hash: md5
      md5: c65d3ac9a2a3bb33aac10ac722c6d316
      size: 1851
  train:
    cmd: python -m diabetesPredictor.model.model_build
    deps:
    - path: Data/processed/X_train.csv
      hash: md5
      md5: b9278d94e607f6fc56217839243b4a34
      size: 18047
    - path: Data/processed/y_train.csv
      hash: md5
      md5: c65d3ac9a2a3bb33aac10ac722c6d316
      size: 1851
    - path: src/diabetesPredictor/model/model_build.py
      hash: md5
      md5: 504a1e28ee0e16e6512de01f0a7d9da3
      size: 1838
    params:
      params.yml:
        model:
          n_estimators: 100
          random_state: 42
    outs:
    - path: models/model.pkl
      hash: md5
      md5: 48ce1694b3b49ab850ee249c7e1ec594
      size: 1685729
  evaluate:
    cmd: python -m diabetesPredictor.model.model_eval
    deps:
    - path: Data/processed/X_test.csv
      hash: md5
      md5: 35f6bc05d00011162c0df6b8f9d284e1
      size: 4557
    - path: Data/processed/y_test.csv
      hash: md5
      md5: e827f980a700555abf5d5fe039de5c9f
      size: 471
    - path: models/model.pkl
      hash: md5
      md5: 48ce1694b3b49ab850ee249c7e1ec594
      size: 1685729
    - path: src/diabetesPredictor/model/model_eval.py
      hash: md5
      md5: 1b21c694224e9f9c66deaedf74f51f9c
      size: 1438
    outs:
    - path: metrics/metrics.json
      hash: md5
      md5: 379c68474b35d7bcb2ee0a406c56193c
      size: 155
